{
  "name": "checklist-js",
  "version": "1.0.0",
  "lockfileVersion": 2,
  "requires": true,
  "packages": {
    "": {
      "name": "checklist-js",
      "version": "1.0.0",
      "license": "ISC",
      "dependencies": {
        "files-js": "^1.0.0"
      }
    },
    "node_modules/files-js": {
      "version": "1.0.0",
      "resolved": "https://registry.npmjs.org/files-js/-/files-js-1.0.0.tgz",
      "integrity": "sha512-vFnGxaIfvzb/OSisrPbl4NvHMLE5JnaOYYv14cwmKftNmpxsOpp/Ztsx43v65VlzfxENbrJC7o9o7IwBHSlUCw=="
    }
  },
  "dependencies": {
    "files-js": {
      "version": "1.0.0",
      "resolved": "https://registry.npmjs.org/files-js/-/files-js-1.0.0.tgz",
      "integrity": "sha512-vFnGxaIfvzb/OSisrPbl4NvHMLE5JnaOYYv14cwmKftNmpxsOpp/Ztsx43v65VlzfxENbrJC7o9o7IwBHSlUCw=="
    }
  }
}
